
Microsoft Visual Studio Solution File, Format Version 12.00
# Visual Studio Version 17
VisualStudioVersion = 17.12.35728.132
MinimumVisualStudioVersion = 10.0.40219.1
Project("{2150E333-8FDC-42A3-9474-1A3956D46DE8}") = "Solution", "Solution", "{E9683CA4-1162-4F93-BDBF-A612A494F924}"
	ProjectSection(SolutionItems) = preProject
		CHANGELOG.md = CHANGELOG.md
		README.md = README.md
	EndProjectSection
EndProject
Project("{FAE04EC0-301F-11D3-BF4B-00C04F79EFBC}") = "RevitTest.DA.Samples", "RevitTest.DA.Samples\RevitTest.DA.Samples.csproj", "{36B8605C-1344-4E77-9B20-2CF94C371511}"
EndProject
Project("{FAE04EC0-301F-11D3-BF4B-00C04F79EFBC}") = "Build", "Build\Build.csproj", "{9DAD9D3A-521D-4010-BE7B-65C8F49E25BB}"
EndProject
Global
	GlobalSection(SolutionConfigurationPlatforms) = preSolution
		Debug|Any CPU = Debug|Any CPU
		Release|Any CPU = Release|Any CPU
	EndGlobalSection
	GlobalSection(ProjectConfigurationPlatforms) = postSolution
		{36B8605C-1344-4E77-9B20-2CF94C371511}.Debug|Any CPU.ActiveCfg = Debug|Any CPU
		{36B8605C-1344-4E77-9B20-2CF94C371511}.Debug|Any CPU.Build.0 = Debug|Any CPU
		{36B8605C-1344-4E77-9B20-2CF94C371511}.Release|Any CPU.ActiveCfg = Release|Any CPU
		{36B8605C-1344-4E77-9B20-2CF94C371511}.Release|Any CPU.Build.0 = Release|Any CPU
		{9DAD9D3A-521D-4010-BE7B-65C8F49E25BB}.Debug|Any CPU.ActiveCfg = Debug|Any CPU
		{9DAD9D3A-521D-4010-BE7B-65C8F49E25BB}.Debug|Any CPU.Build.0 = Debug|Any CPU
		{9DAD9D3A-521D-4010-BE7B-65C8F49E25BB}.Release|Any CPU.ActiveCfg = Release|Any CPU
		{9DAD9D3A-521D-4010-BE7B-65C8F49E25BB}.Release|Any CPU.Build.0 = Release|Any CPU
	EndGlobalSection
	GlobalSection(SolutionProperties) = preSolution
		HideSolutionNode = FALSE
	EndGlobalSection
EndGlobal
